
Microsoft Visual Studio Solution File, Format Version 12.00
# Visual Studio 15
VisualStudioVersion = 15.0.28307.902
MinimumVisualStudioVersion = 10.0.40219.1
Project("{FAE04EC0-301F-11D3-BF4B-00C04F79EFBC}") = "WindowsFormsApp1", "WindowsFormsApp1\WindowsFormsApp1.csproj", "{BF73D2AA-A086-4394-97EA-BC62B482C253}"
EndProject
Global
	GlobalSection(SolutionConfigurationPlatforms) = preSolution
		Debug|Any CPU = Debug|Any CPU
		Release|Any CPU = Release|Any CPU
	EndGlobalSection
	GlobalSection(ProjectConfigurationPlatforms) = postSolution
		{BF73D2AA-A086-4394-97EA-BC62B482C253}.Debug|Any CPU.ActiveCfg = Debug|Any CPU
		{BF73D2AA-A086-4394-97EA-BC62B482C253}.Debug|Any CPU.Build.0 = Debug|Any CPU
		{BF73D2AA-A086-4394-97EA-BC62B482C253}.Release|Any CPU.ActiveCfg = Release|Any CPU
		{BF73D2AA-A086-4394-97EA-BC62B482C253}.Release|Any CPU.Build.0 = Release|Any CPU
	EndGlobalSection
	GlobalSection(SolutionProperties) = preSolution
		HideSolutionNode = FALSE
	EndGlobalSection
	GlobalSection(ExtensibilityGlobals) = postSolution
		SolutionGuid = {24E3438A-F76F-499A-B01D-803EDE731D6E}
	EndGlobalSection
EndGlobal
