
Microsoft Visual Studio Solution File, Format Version 12.00
# Visual Studio 15
VisualStudioVersion = 15.0.28307.902
MinimumVisualStudioVersion = 10.0.40219.1
Project("{FAE04EC0-301F-11D3-BF4B-00C04F79EFBC}") = "lr3", "lr3\lr3.csproj", "{7050FA2C-CD12-4EEA-BBBB-680F83D04BC0}"
EndProject
Global
	GlobalSection(SolutionConfigurationPlatforms) = preSolution
		Debug|Any CPU = Debug|Any CPU
		Release|Any CPU = Release|Any CPU
	EndGlobalSection
	GlobalSection(ProjectConfigurationPlatforms) = postSolution
		{7050FA2C-CD12-4EEA-BBBB-680F83D04BC0}.Debug|Any CPU.ActiveCfg = Debug|Any CPU
		{7050FA2C-CD12-4EEA-BBBB-680F83D04BC0}.Debug|Any CPU.Build.0 = Debug|Any CPU
		{7050FA2C-CD12-4EEA-BBBB-680F83D04BC0}.Release|Any CPU.ActiveCfg = Release|Any CPU
		{7050FA2C-CD12-4EEA-BBBB-680F83D04BC0}.Release|Any CPU.Build.0 = Release|Any CPU
	EndGlobalSection
	GlobalSection(SolutionProperties) = preSolution
		HideSolutionNode = FALSE
	EndGlobalSection
	GlobalSection(ExtensibilityGlobals) = postSolution
		SolutionGuid = {E43A914D-4651-4306-82E7-437208F37462}
	EndGlobalSection
EndGlobal
